{
  "version": 4,
  "terraform_version": "1.3.4",
  "serial": 10,
  "lineage": "de0d3f6f-6e2c-e3b5-52e3-1338fe88b0e7",
  "outputs": {
    "server_ip": {
      "value": [
        "137.184.185.71",
        "161.35.227.172",
        "143.198.54.98"
      ],
      "type": [
        "tuple",
        [
          "string",
          "string",
          "string"
        ]
      ]
    }
  },
  "resources": [
    {
      "mode": "data",
      "type": "digitalocean_project",
      "name": "lab_project",
      "provider": "provider[\"registry.terraform.io/digitalocean/digitalocean\"]",
      "instances": [
        {
          "schema_version": 0,
          "attributes": {
            "created_at": "2022-10-28T05:10:48Z",
            "description": "labs",
            "environment": "",
            "id": "58933ef6-d1a3-47fc-8260-43ae7bda1d1a",
            "is_default": false,
            "name": "ACIT4640",
            "owner_id": 12756753,
            "owner_uuid": "0a95d437-2d5d-4432-bff3-52ba654a0e9b",
            "purpose": "Class project / Educational purposes",
            "resources": [
              "do:droplet:324568185",
              "do:droplet:325127757",
              "do:droplet:325127758",
              "do:droplet:325127759"
            ],
            "updated_at": "2022-10-28T05:10:48Z"
          },
          "sensitive_attributes": []
        }
      ]
    },
    {
      "mode": "data",
      "type": "digitalocean_ssh_key",
      "name": "river_ssh_key",
      "provider": "provider[\"registry.terraform.io/digitalocean/digitalocean\"]",
      "instances": [
        {
          "schema_version": 0,
          "attributes": {
            "fingerprint": "74:72:9c:a1:a3:3c:9e:45:a9:17:b3:51:42:e0:00:06",
            "id": 36619635,
            "name": "river",
            "public_key": "ssh-rsa AAAAB3NzaC1yc2EAAAADAQABAAABgQDeCkkkmhEZBHWvq9iircnRtyfzlOsflvOM/WgdmZo4aJOQmpNf5p7IUd5CvJhv0fha2FsSE5G9BbRc3VnNzRXBFeqYvh2O1iG61eSDzEFssW4L5Zd4CGPEA733z9SV5w/CrA1qkLk9zJA9GiHY56io26Wq3AzaNKrgFfp6+Pp5OVms6vEPG+yqjJma2lpvZubJNRVqw416mr1QwNcUtZ267yGWJtbDo0fwaHfCMkYP4azv2NUIeqb//xl4+FzLHDhpuWAf4tebePbVnVKGliD9u9MYCt8GKrFJDwaa3c5IoCNcf2mw3SiD6WVKUtcLdutLNL3x/eTEZM1x3213YydwkXEK2a4a62UR1tgqK9q5BhFeSnznJGT3pL0tDnSJO4ix+SwqmEDTsMDBhUWpLhvyXHD+3n5hWpxiupVvNsef93DJXt3DYhQx21VDgRVeK+4YzRyYQdZgU+e7wroXWz1rlCoqBeUkP9aVu41VYLoFiEhVpzO3DqSCQRRKgXjjRyE= atoosa@DESKTOP-VU4TP41"
          },
          "sensitive_attributes": []
        }
      ]
    },
    {
      "mode": "managed",
      "type": "digitalocean_droplet",
      "name": "web",
      "provider": "provider[\"registry.terraform.io/digitalocean/digitalocean\"]",
      "instances": [
        {
          "index_key": 0,
          "schema_version": 1,
          "attributes": {
            "backups": false,
            "created_at": "2022-11-08T20:17:24Z",
            "disk": 10,
            "droplet_agent": null,
            "graceful_shutdown": false,
            "id": "325127759",
            "image": "rockylinux-9-x64",
            "ipv4_address": "137.184.185.71",
            "ipv4_address_private": "10.124.32.4",
            "ipv6": false,
            "ipv6_address": "",
            "locked": false,
            "memory": 512,
            "monitoring": false,
            "name": "web-1",
            "price_hourly": 0.00595,
            "price_monthly": 4,
            "private_networking": true,
            "region": "sfo3",
            "resize_disk": true,
            "size": "s-1vcpu-512mb-10gb",
            "ssh_keys": [
              "36619635"
            ],
            "status": "active",
            "tags": [
              "Web"
            ],
            "timeouts": null,
            "urn": "do:droplet:325127759",
            "user_data": null,
            "vcpus": 1,
            "volume_ids": [],
            "vpc_uuid": "4a80cd28-6169-4fbd-a05d-cf4b11ed888e"
          },
          "sensitive_attributes": [],
          "private": "eyJlMmJmYjczMC1lY2FhLTExZTYtOGY4OC0zNDM2M2JjN2M0YzAiOnsiY3JlYXRlIjozNjAwMDAwMDAwMDAwLCJkZWxldGUiOjYwMDAwMDAwMDAwLCJ1cGRhdGUiOjM2MDAwMDAwMDAwMDB9LCJzY2hlbWFfdmVyc2lvbiI6IjEifQ==",
          "dependencies": [
            "data.digitalocean_ssh_key.river_ssh_key",
            "digitalocean_tag.do_tag",
            "digitalocean_vpc.web_vpc"
          ],
          "create_before_destroy": true
        },
        {
          "index_key": 1,
          "schema_version": 1,
          "attributes": {
            "backups": false,
            "created_at": "2022-11-08T20:17:23Z",
            "disk": 10,
            "droplet_agent": null,
            "graceful_shutdown": false,
            "id": "325127757",
            "image": "rockylinux-9-x64",
            "ipv4_address": "161.35.227.172",
            "ipv4_address_private": "10.124.32.2",
            "ipv6": false,
            "ipv6_address": "",
            "locked": false,
            "memory": 512,
            "monitoring": false,
            "name": "web-2",
            "price_hourly": 0.00595,
            "price_monthly": 4,
            "private_networking": true,
            "region": "sfo3",
            "resize_disk": true,
            "size": "s-1vcpu-512mb-10gb",
            "ssh_keys": [
              "36619635"
            ],
            "status": "active",
            "tags": [
              "Web"
            ],
            "timeouts": null,
            "urn": "do:droplet:325127757",
            "user_data": null,
            "vcpus": 1,
            "volume_ids": [],
            "vpc_uuid": "4a80cd28-6169-4fbd-a05d-cf4b11ed888e"
          },
          "sensitive_attributes": [],
          "private": "eyJlMmJmYjczMC1lY2FhLTExZTYtOGY4OC0zNDM2M2JjN2M0YzAiOnsiY3JlYXRlIjozNjAwMDAwMDAwMDAwLCJkZWxldGUiOjYwMDAwMDAwMDAwLCJ1cGRhdGUiOjM2MDAwMDAwMDAwMDB9LCJzY2hlbWFfdmVyc2lvbiI6IjEifQ==",
          "dependencies": [
            "data.digitalocean_ssh_key.river_ssh_key",
            "digitalocean_tag.do_tag",
            "digitalocean_vpc.web_vpc"
          ],
          "create_before_destroy": true
        },
        {
          "index_key": 2,
          "schema_version": 1,
          "attributes": {
            "backups": false,
            "created_at": "2022-11-08T20:17:23Z",
            "disk": 10,
            "droplet_agent": null,
            "graceful_shutdown": false,
            "id": "325127758",
            "image": "rockylinux-9-x64",
            "ipv4_address": "143.198.54.98",
            "ipv4_address_private": "10.124.32.3",
            "ipv6": false,
            "ipv6_address": "",
            "locked": false,
            "memory": 512,
            "monitoring": false,
            "name": "web-3",
            "price_hourly": 0.00595,
            "price_monthly": 4,
            "private_networking": true,
            "region": "sfo3",
            "resize_disk": true,
            "size": "s-1vcpu-512mb-10gb",
            "ssh_keys": [
              "36619635"
            ],
            "status": "active",
            "tags": [
              "Web"
            ],
            "timeouts": null,
            "urn": "do:droplet:325127758",
            "user_data": null,
            "vcpus": 1,
            "volume_ids": [],
            "vpc_uuid": "4a80cd28-6169-4fbd-a05d-cf4b11ed888e"
          },
          "sensitive_attributes": [],
          "private": "eyJlMmJmYjczMC1lY2FhLTExZTYtOGY4OC0zNDM2M2JjN2M0YzAiOnsiY3JlYXRlIjozNjAwMDAwMDAwMDAwLCJkZWxldGUiOjYwMDAwMDAwMDAwLCJ1cGRhdGUiOjM2MDAwMDAwMDAwMDB9LCJzY2hlbWFfdmVyc2lvbiI6IjEifQ==",
          "dependencies": [
            "data.digitalocean_ssh_key.river_ssh_key",
            "digitalocean_tag.do_tag",
            "digitalocean_vpc.web_vpc"
          ],
          "create_before_destroy": true
        }
      ]
    },
    {
      "mode": "managed",
      "type": "digitalocean_project_resources",
      "name": "project_attach",
      "provider": "provider[\"registry.terraform.io/digitalocean/digitalocean\"]",
      "instances": [
        {
          "schema_version": 0,
          "attributes": {
            "id": "58933ef6-d1a3-47fc-8260-43ae7bda1d1a",
            "project": "58933ef6-d1a3-47fc-8260-43ae7bda1d1a",
            "resources": [
              "do:droplet:325127757",
              "do:droplet:325127758",
              "do:droplet:325127759"
            ]
          },
          "sensitive_attributes": [],
          "private": "bnVsbA==",
          "dependencies": [
            "data.digitalocean_project.lab_project",
            "data.digitalocean_ssh_key.river_ssh_key",
            "digitalocean_droplet.web",
            "digitalocean_tag.do_tag",
            "digitalocean_vpc.web_vpc"
          ]
        }
      ]
    },
    {
      "mode": "managed",
      "type": "digitalocean_tag",
      "name": "do_tag",
      "provider": "provider[\"registry.terraform.io/digitalocean/digitalocean\"]",
      "instances": [
        {
          "schema_version": 0,
          "attributes": {
            "databases_count": 0,
            "droplets_count": 4,
            "id": "Web",
            "images_count": 0,
            "name": "Web",
            "total_resource_count": 4,
            "volume_snapshots_count": 0,
            "volumes_count": 0
          },
          "sensitive_attributes": [],
          "private": "bnVsbA==",
          "create_before_destroy": true
        }
      ]
    },
    {
      "mode": "managed",
      "type": "digitalocean_vpc",
      "name": "web_vpc",
      "provider": "provider[\"registry.terraform.io/digitalocean/digitalocean\"]",
      "instances": [
        {
          "schema_version": 0,
          "attributes": {
            "created_at": "2022-11-08 20:17:23 +0000 UTC",
            "default": false,
            "description": "",
            "id": "4a80cd28-6169-4fbd-a05d-cf4b11ed888e",
            "ip_range": "10.124.32.0/20",
            "name": "web",
            "region": "sfo3",
            "timeouts": null,
            "urn": "do:vpc:4a80cd28-6169-4fbd-a05d-cf4b11ed888e"
          },
          "sensitive_attributes": [],
          "private": "eyJlMmJmYjczMC1lY2FhLTExZTYtOGY4OC0zNDM2M2JjN2M0YzAiOnsiZGVsZXRlIjoxMjAwMDAwMDAwMDB9fQ==",
          "create_before_destroy": true
        }
      ]
    }
  ],
  "check_results": null
}
